// !$*UTF8*$!
{
	archiveVersion = 1;
	classes = {
	};
	objectVersion = 46;
	objects = {

/* Begin PBXBuildFile section */
		9283D82F1ECCB55A00F5F8E5 /* main.m in Sources */ = {isa = PBXBuildFile; fileRef = 9283D82E1ECCB55A00F5F8E5 /* main.m */; };
		9283D8321ECCB55A00F5F8E5 /* AppDelegate.m in Sources */ = {isa = PBXBuildFile; fileRef = 9283D8311ECCB55A00F5F8E5 /* AppDelegate.m */; };
		9283D8351ECCB55A00F5F8E5 /* ViewController.m in Sources */ = {isa = PBXBuildFile; fileRef = 9283D8341ECCB55A00F5F8E5 /* ViewController.m */; };
		9283D8381ECCB55A00F5F8E5 /* Main.storyboard in Resources */ = {isa = PBXBuildFile; fileRef = 9283D8361ECCB55A00F5F8E5 /* Main.storyboard */; };
		9283D83A1ECCB55A00F5F8E5 /* Assets.xcassets in Resources */ = {isa = PBXBuildFile; fileRef = 9283D8391ECCB55A00F5F8E5 /* Assets.xcassets */; };
		9283D83D1ECCB55A00F5F8E5 /* LaunchScreen.storyboard in Resources */ = {isa = PBXBuildFile; fileRef = 9283D83B1ECCB55A00F5F8E5 /* LaunchScreen.storyboard */; };
		9283D8461ECCB8F200F5F8E5 /* PhotoCell.m in Sources */ = {isa = PBXBuildFile; fileRef = 9283D8451ECCB8F200F5F8E5 /* PhotoCell.m */; };
		9283D8491ECCBC8200F5F8E5 /* PhotoObject.m in Sources */ = {isa = PBXBuildFile; fileRef = 9283D8481ECCBC8200F5F8E5 /* PhotoObject.m */; };
		9283D84C1ECCBCA200F5F8E5 /* PhotoManager.m in Sources */ = {isa = PBXBuildFile; fileRef = 9283D84B1ECCBCA200F5F8E5 /* PhotoManager.m */; };
		9283D84F1ECCD7E100F5F8E5 /* PhotoOrganizer.m in Sources */ = {isa = PBXBuildFile; fileRef = 9283D84E1ECCD7E100F5F8E5 /* PhotoOrganizer.m */; };
		9283D8521ECCE27A00F5F8E5 /* PhotoSearchOrganizer.m in Sources */ = {isa = PBXBuildFile; fileRef = 9283D8511ECCE27A00F5F8E5 /* PhotoSearchOrganizer.m */; };
		9283D8551ECCEB8900F5F8E5 /* HeaderView.m in Sources */ = {isa = PBXBuildFile; fileRef = 9283D8541ECCEB8900F5F8E5 /* HeaderView.m */; };
/* End PBXBuildFile section */

/* Begin PBXFileReference section */
		9283D82A1ECCB55A00F5F8E5 /* Insta-Kilo.app */ = {isa = PBXFileReference; explicitFileType = wrapper.application; includeInIndex = 0; path = "Insta-Kilo.app"; sourceTree = BUILT_PRODUCTS_DIR; };
		9283D82E1ECCB55A00F5F8E5 /* main.m */ = {isa = PBXFileReference; lastKnownFileType = sourcecode.c.objc; path = main.m; sourceTree = "<group>"; };
		9283D8301ECCB55A00F5F8E5 /* AppDelegate.h */ = {isa = PBXFileReference; lastKnownFileType = sourcecode.c.h; path = AppDelegate.h; sourceTree = "<group>"; };
		9283D8311ECCB55A00F5F8E5 /* AppDelegate.m */ = {isa = PBXFileReference; lastKnownFileType = sourcecode.c.objc; path = AppDelegate.m; sourceTree = "<group>"; };
		9283D8331ECCB55A00F5F8E5 /* ViewController.h */ = {isa = PBXFileReference; lastKnownFileType = sourcecode.c.h; path = ViewController.h; sourceTree = "<group>"; };
		9283D8341ECCB55A00F5F8E5 /* ViewController.m */ = {isa = PBXFileReference; lastKnownFileType = sourcecode.c.objc; path = ViewController.m; sourceTree = "<group>"; };
		9283D8371ECCB55A00F5F8E5 /* Base */ = {isa = PBXFileReference; lastKnownFileType = file.storyboard; name = Base; path = Base.lproj/Main.storyboard; sourceTree = "<group>"; };
		9283D8391ECCB55A00F5F8E5 /* Assets.xcassets */ = {isa = PBXFileReference; lastKnownFileType = folder.assetcatalog; path = Assets.xcassets; sourceTree = "<group>"; };
		9283D83C1ECCB55A00F5F8E5 /* Base */ = {isa = PBXFileReference; lastKnownFileType = file.storyboard; name = Base; path = Base.lproj/LaunchScreen.storyboard; sourceTree = "<group>"; };
		9283D83E1ECCB55A00F5F8E5 /* Info.plist */ = {isa = PBXFileReference; lastKnownFileType = text.plist.xml; path = Info.plist; sourceTree = "<group>"; };
		9283D8441ECCB8F200F5F8E5 /* PhotoCell.h */ = {isa = PBXFileReference; fileEncoding = 4; lastKnownFileType = sourcecode.c.h; path = PhotoCell.h; sourceTree = "<group>"; };
		9283D8451ECCB8F200F5F8E5 /* PhotoCell.m */ = {isa = PBXFileReference; fileEncoding = 4; lastKnownFileType = sourcecode.c.objc; path = PhotoCell.m; sourceTree = "<group>"; };
		9283D8471ECCBC8200F5F8E5 /* PhotoObject.h */ = {isa = PBXFileReference; fileEncoding = 4; lastKnownFileType = sourcecode.c.h; path = PhotoObject.h; sourceTree = "<group>"; };
		9283D8481ECCBC8200F5F8E5 /* PhotoObject.m */ = {isa = PBXFileReference; fileEncoding = 4; lastKnownFileType = sourcecode.c.objc; path = PhotoObject.m; sourceTree = "<group>"; };
		9283D84A1ECCBCA200F5F8E5 /* PhotoManager.h */ = {isa = PBXFileReference; fileEncoding = 4; lastKnownFileType = sourcecode.c.h; path = PhotoManager.h; sourceTree = "<group>"; };
		9283D84B1ECCBCA200F5F8E5 /* PhotoManager.m */ = {isa = PBXFileReference; fileEncoding = 4; lastKnownFileType = sourcecode.c.objc; path = PhotoManager.m; sourceTree = "<group>"; };
		9283D84D1ECCD7E100F5F8E5 /* PhotoOrganizer.h */ = {isa = PBXFileReference; fileEncoding = 4; lastKnownFileType = sourcecode.c.h; path = PhotoOrganizer.h; sourceTree = "<group>"; };
		9283D84E1ECCD7E100F5F8E5 /* PhotoOrganizer.m */ = {isa = PBXFileReference; fileEncoding = 4; lastKnownFileType = sourcecode.c.objc; path = PhotoOrganizer.m; sourceTree = "<group>"; };
		9283D8501ECCE27A00F5F8E5 /* PhotoSearchOrganizer.h */ = {isa = PBXFileReference; fileEncoding = 4; lastKnownFileType = sourcecode.c.h; path = PhotoSearchOrganizer.h; sourceTree = "<group>"; };
		9283D8511ECCE27A00F5F8E5 /* PhotoSearchOrganizer.m */ = {isa = PBXFileReference; fileEncoding = 4; lastKnownFileType = sourcecode.c.objc; path = PhotoSearchOrganizer.m; sourceTree = "<group>"; };
		9283D8531ECCEB8900F5F8E5 /* HeaderView.h */ = {isa = PBXFileReference; fileEncoding = 4; lastKnownFileType = sourcecode.c.h; path = HeaderView.h; sourceTree = "<group>"; };
		9283D8541ECCEB8900F5F8E5 /* HeaderView.m */ = {isa = PBXFileReference; fileEncoding = 4; lastKnownFileType = sourcecode.c.objc; path = HeaderView.m; sourceTree = "<group>"; };
/* End PBXFileReference section */

/* Begin PBXFrameworksBuildPhase section */
		9283D8271ECCB55A00F5F8E5 /* Frameworks */ = {
			isa = PBXFrameworksBuildPhase;
			buildActionMask = 2147483647;
			files = (
			);
			runOnlyForDeploymentPostprocessing = 0;
		};
/* End PBXFrameworksBuildPhase section */

/* Begin PBXGroup section */
		9283D8211ECCB55A00F5F8E5 = {
			isa = PBXGroup;
			children = (
				9283D82C1ECCB55A00F5F8E5 /* Insta-Kilo */,
				9283D82B1ECCB55A00F5F8E5 /* Products */,
			);
			sourceTree = "<group>";
		};
		9283D82B1ECCB55A00F5F8E5 /* Products */ = {
			isa = PBXGroup;
			children = (
				9283D82A1ECCB55A00F5F8E5 /* Insta-Kilo.app */,
			);
			name = Products;
			sourceTree = "<group>";
		};
		9283D82C1ECCB55A00F5F8E5 /* Insta-Kilo */ = {
			isa = PBXGroup;
			children = (
				9283D8331ECCB55A00F5F8E5 /* ViewController.h */,
				9283D8341ECCB55A00F5F8E5 /* ViewController.m */,
				9283D8441ECCB8F200F5F8E5 /* PhotoCell.h */,
				9283D8451ECCB8F200F5F8E5 /* PhotoCell.m */,
				9283D8531ECCEB8900F5F8E5 /* HeaderView.h */,
				9283D8541ECCEB8900F5F8E5 /* HeaderView.m */,
				9283D8471ECCBC8200F5F8E5 /* PhotoObject.h */,
				9283D8481ECCBC8200F5F8E5 /* PhotoObject.m */,
				9283D84A1ECCBCA200F5F8E5 /* PhotoManager.h */,
				9283D84B1ECCBCA200F5F8E5 /* PhotoManager.m */,
				9283D8361ECCB55A00F5F8E5 /* Main.storyboard */,
				9283D8391ECCB55A00F5F8E5 /* Assets.xcassets */,
				9283D83B1ECCB55A00F5F8E5 /* LaunchScreen.storyboard */,
				9283D83E1ECCB55A00F5F8E5 /* Info.plist */,
				9283D82D1ECCB55A00F5F8E5 /* Supporting Files */,
			);
			path = "Insta-Kilo";
			sourceTree = "<group>";
		};
		9283D82D1ECCB55A00F5F8E5 /* Supporting Files */ = {
			isa = PBXGroup;
			children = (
				9283D84D1ECCD7E100F5F8E5 /* PhotoOrganizer.h */,
				9283D84E1ECCD7E100F5F8E5 /* PhotoOrganizer.m */,
				9283D8501ECCE27A00F5F8E5 /* PhotoSearchOrganizer.h */,
				9283D8511ECCE27A00F5F8E5 /* PhotoSearchOrganizer.m */,
				9283D8301ECCB55A00F5F8E5 /* AppDelegate.h */,
				9283D8311ECCB55A00F5F8E5 /* AppDelegate.m */,
				9283D82E1ECCB55A00F5F8E5 /* main.m */,
			);
			name = "Supporting Files";
			sourceTree = "<group>";
		};
/* End PBXGroup section */

/* Begin PBXNativeTarget section */
		9283D8291ECCB55A00F5F8E5 /* Insta-Kilo */ = {
			isa = PBXNativeTarget;
			buildConfigurationList = 9283D8411ECCB55A00F5F8E5 /* Build configuration list for PBXNativeTarget "Insta-Kilo" */;
			buildPhases = (
				9283D8261ECCB55A00F5F8E5 /* Sources */,
				9283D8271ECCB55A00F5F8E5 /* Frameworks */,
				9283D8281ECCB55A00F5F8E5 /* Resources */,
			);
			buildRules = (
			);
			dependencies = (
			);
			name = "Insta-Kilo";
			productName = "Insta-Kilo";
			productReference = 9283D82A1ECCB55A00F5F8E5 /* Insta-Kilo.app */;
			productType = "com.apple.product-type.application";
		};
/* End PBXNativeTarget section */

/* Begin PBXProject section */
		9283D8221ECCB55A00F5F8E5 /* Project object */ = {
			isa = PBXProject;
			attributes = {
				LastUpgradeCheck = 0830;
				ORGANIZATIONNAME = "Marc Maguire";
				TargetAttributes = {
					9283D8291ECCB55A00F5F8E5 = {
						CreatedOnToolsVersion = 8.3.2;
						ProvisioningStyle = Automatic;
					};
				};
			};
			buildConfigurationList = 9283D8251ECCB55A00F5F8E5 /* Build configuration list for PBXProject "Insta-Kilo" */;
			compatibilityVersion = "Xcode 3.2";
			developmentRegion = English;
			hasScannedForEncodings = 0;
			knownRegions = (
				en,
				Base,
			);
			mainGroup = 9283D8211ECCB55A00F5F8E5;
			productRefGroup = 9283D82B1ECCB55A00F5F8E5 /* Products */;
			projectDirPath = "";
			projectRoot = "";
			targets = (
				9283D8291ECCB55A00F5F8E5 /* Insta-Kilo */,
			);
		};
/* End PBXProject section */

/* Begin PBXResourcesBuildPhase section */
		9283D8281ECCB55A00F5F8E5 /* Resources */ = {
			isa = PBXResourcesBuildPhase;
			buildActionMask = 2147483647;
			files = (
				9283D83D1ECCB55A00F5F8E5 /* LaunchScreen.storyboard in Resources */,
				9283D83A1ECCB55A00F5F8E5 /* Assets.xcassets in Resources */,
				9283D8381ECCB55A00F5F8E5 /* Main.storyboard in Resources */,
			);
			runOnlyForDeploymentPostprocessing = 0;
		};
/* End PBXResourcesBuildPhase section */

/* Begin PBXSourcesBuildPhase section */
		9283D8261ECCB55A00F5F8E5 /* Sources */ = {
			isa = PBXSourcesBuildPhase;
			buildActionMask = 2147483647;
			files = (
				9283D84F1ECCD7E100F5F8E5 /* PhotoOrganizer.m in Sources */,
				9283D8551ECCEB8900F5F8E5 /* HeaderView.m in Sources */,
				9283D8491ECCBC8200F5F8E5 /* PhotoObject.m in Sources */,
				9283D8521ECCE27A00F5F8E5 /* PhotoSearchOrganizer.m in Sources */,
				9283D8461ECCB8F200F5F8E5 /* PhotoCell.m in Sources */,
				9283D8351ECCB55A00F5F8E5 /* ViewController.m in Sources */,
				9283D8321ECCB55A00F5F8E5 /* AppDelegate.m in Sources */,
				9283D84C1ECCBCA200F5F8E5 /* PhotoManager.m in Sources */,
				9283D82F1ECCB55A00F5F8E5 /* main.m in Sources */,
			);
			runOnlyForDeploymentPostprocessing = 0;
		};
/* End PBXSourcesBuildPhase section */

/* Begin PBXVariantGroup section */
		9283D8361ECCB55A00F5F8E5 /* Main.storyboard */ = {
			isa = PBXVariantGroup;
			children = (
				9283D8371ECCB55A00F5F8E5 /* Base */,
			);
			name = Main.storyboard;
			sourceTree = "<group>";
		};
		9283D83B1ECCB55A00F5F8E5 /* LaunchScreen.storyboard */ = {
			isa = PBXVariantGroup;
			children = (
				9283D83C1ECCB55A00F5F8E5 /* Base */,
			);
			name = LaunchScreen.storyboard;
			sourceTree = "<group>";
		};
/* End PBXVariantGroup section */

/* Begin XCBuildConfiguration section */
		9283D83F1ECCB55A00F5F8E5 /* Debug */ = {
			isa = XCBuildConfiguration;
			buildSettings = {
				ALWAYS_SEARCH_USER_PATHS = NO;
				CLANG_ANALYZER_NONNULL = YES;
				CLANG_ANALYZER_NUMBER_OBJECT_CONVERSION = YES_AGGRESSIVE;
				CLANG_CXX_LANGUAGE_STANDARD = "gnu++0x";
				CLANG_CXX_LIBRARY = "libc++";
				CLANG_ENABLE_MODULES = YES;
				CLANG_ENABLE_OBJC_ARC = YES;
				CLANG_WARN_BOOL_CONVERSION = YES;
				CLANG_WARN_CONSTANT_CONVERSION = YES;
				CLANG_WARN_DIRECT_OBJC_ISA_USAGE = YES_ERROR;
				CLANG_WARN_DOCUMENTATION_COMMENTS = YES;
				CLANG_WARN_EMPTY_BODY = YES;
				CLANG_WARN_ENUM_CONVERSION = YES;
				CLANG_WARN_INFINITE_RECURSION = YES;
				CLANG_WARN_INT_CONVERSION = YES;
				CLANG_WARN_OBJC_ROOT_CLASS = YES_ERROR;
				CLANG_WARN_SUSPICIOUS_MOVE = YES;
				CLANG_WARN_UNREACHABLE_CODE = YES;
				CLANG_WARN__DUPLICATE_METHOD_MATCH = YES;
				"CODE_SIGN_IDENTITY[sdk=iphoneos*]" = "iPhone Developer";
				COPY_PHASE_STRIP = NO;
				DEBUG_INFORMATION_FORMAT = dwarf;
				ENABLE_STRICT_OBJC_MSGSEND = YES;
				ENABLE_TESTABILITY = YES;
				GCC_C_LANGUAGE_STANDARD = gnu99;
				GCC_DYNAMIC_NO_PIC = NO;
				GCC_NO_COMMON_BLOCKS = YES;
				GCC_OPTIMIZATION_LEVEL = 0;
				GCC_PREPROCESSOR_DEFINITIONS = (
					"DEBUG=1",
					"$(inherited)",
				);
				GCC_WARN_64_TO_32_BIT_CONVERSION = YES;
				GCC_WARN_ABOUT_RETURN_TYPE = YES_ERROR;
				GCC_WARN_UNDECLARED_SELECTOR = YES;
				GCC_WARN_UNINITIALIZED_AUTOS = YES_AGGRESSIVE;
				GCC_WARN_UNUSED_FUNCTION = YES;
				GCC_WARN_UNUSED_VARIABLE = YES;
				IPHONEOS_DEPLOYMENT_TARGET = 10.3;
				MTL_ENABLE_DEBUG_INFO = YES;
				ONLY_ACTIVE_ARCH = YES;
				SDKROOT = iphoneos;
			};
			name = Debug;
		};
		9283D8401ECCB55A00F5F8E5 /* Release */ = {
			isa = XCBuildConfiguration;
			buildSettings = {
				ALWAYS_SEARCH_USER_PATHS = NO;
				CLANG_ANALYZER_NONNULL = YES;
				CLANG_ANALYZER_NUMBER_OBJECT_CONVERSION = YES_AGGRESSIVE;
				CLANG_CXX_LANGUAGE_STANDARD = "gnu++0x";
				CLANG_CXX_LIBRARY = "libc++";
				CLANG_ENABLE_MODULES = YES;
				CLANG_ENABLE_OBJC_ARC = YES;
				CLANG_WARN_BOOL_CONVERSION = YES;
				CLANG_WARN_CONSTANT_CONVERSION = YES;
				CLANG_WARN_DIRECT_OBJC_ISA_USAGE = YES_ERROR;
				CLANG_WARN_DOCUMENTATION_COMMENTS = YES;
				CLANG_WARN_EMPTY_BODY = YES;
				CLANG_WARN_ENUM_CONVERSION = YES;
				CLANG_WARN_INFINITE_RECURSION = YES;
				CLANG_WARN_INT_CONVERSION = YES;
				CLANG_WARN_OBJC_ROOT_CLASS = YES_ERROR;
				CLANG_WARN_SUSPICIOUS_MOVE = YES;
				CLANG_WARN_UNREACHABLE_CODE = YES;
				CLANG_WARN__DUPLICATE_METHOD_MATCH = YES;
				"CODE_SIGN_IDENTITY[sdk=iphoneos*]" = "iPhone Developer";
				COPY_PHASE_STRIP = NO;
				DEBUG_INFORMATION_FORMAT = "dwarf-with-dsym";
				ENABLE_NS_ASSERTIONS = NO;
				ENABLE_STRICT_OBJC_MSGSEND = YES;
				GCC_C_LANGUAGE_STANDARD = gnu99;
				GCC_NO_COMMON_BLOCKS = YES;
				GCC_WARN_64_TO_32_BIT_CONVERSION = YES;
				GCC_WARN_ABOUT_RETURN_TYPE = YES_ERROR;
				GCC_WARN_UNDECLARED_SELECTOR = YES;
				GCC_WARN_UNINITIALIZED_AUTOS = YES_AGGRESSIVE;
				GCC_WARN_UNUSED_FUNCTION = YES;
				GCC_WARN_UNUSED_VARIABLE = YES;
				IPHONEOS_DEPLOYMENT_TARGET = 10.3;
				MTL_ENABLE_DEBUG_INFO = NO;
				SDKROOT = iphoneos;
				VALIDATE_PRODUCT = YES;
			};
			name = Release;
		};
		9283D8421ECCB55A00F5F8E5 /* Debug */ = {
			isa = XCBuildConfiguration;
			buildSettings = {
				ASSETCATALOG_COMPILER_APPICON_NAME = AppIcon;
				INFOPLIST_FILE = "Insta-Kilo/Info.plist";
				LD_RUNPATH_SEARCH_PATHS = "$(inherited) @executable_path/Frameworks";
				PRODUCT_BUNDLE_IDENTIFIER = "com.magu.Insta-Kilo";
				PRODUCT_NAME = "$(TARGET_NAME)";
			};
			name = Debug;
		};
		9283D8431ECCB55A00F5F8E5 /* Release */ = {
			isa = XCBuildConfiguration;
			buildSettings = {
				ASSETCATALOG_COMPILER_APPICON_NAME = AppIcon;
				INFOPLIST_FILE = "Insta-Kilo/Info.plist";
				LD_RUNPATH_SEARCH_PATHS = "$(inherited) @executable_path/Frameworks";
				PRODUCT_BUNDLE_IDENTIFIER = "com.magu.Insta-Kilo";
				PRODUCT_NAME = "$(TARGET_NAME)";
			};
			name = Release;
		};
/* End XCBuildConfiguration section */

/* Begin XCConfigurationList section */
		9283D8251ECCB55A00F5F8E5 /* Build configuration list for PBXProject "Insta-Kilo" */ = {
			isa = XCConfigurationList;
			buildConfigurations = (
				9283D83F1ECCB55A00F5F8E5 /* Debug */,
				9283D8401ECCB55A00F5F8E5 /* Release */,
			);
			defaultConfigurationIsVisible = 0;
			defaultConfigurationName = Release;
		};
		9283D8411ECCB55A00F5F8E5 /* Build configuration list for PBXNativeTarget "Insta-Kilo" */ = {
			isa = XCConfigurationList;
			buildConfigurations = (
				9283D8421ECCB55A00F5F8E5 /* Debug */,
				9283D8431ECCB55A00F5F8E5 /* Release */,
			);
			defaultConfigurationIsVisible = 0;
			defaultConfigurationName = Release;
		};
/* End XCConfigurationList section */
	};
	rootObject = 9283D8221ECCB55A00F5F8E5 /* Project object */;
}
